
Microsoft Visual Studio Solution File, Format Version 12.00
Project("{FAE04EC0-301F-11D3-BF4B-00C04F79EFBC}") = "flbbServer", "flbbServerRoom\flbbServerRoom.csproj", "{509566DF-C67F-4B58-AD4A-D2B2A2ECC7B4}"
EndProject
Global
	GlobalSection(SolutionConfigurationPlatforms) = preSolution
		Debug|Any CPU = Debug|Any CPU
		Release|Any CPU = Release|Any CPU
	EndGlobalSection
	GlobalSection(ProjectConfigurationPlatforms) = postSolution
		{509566DF-C67F-4B58-AD4A-D2B2A2ECC7B4}.Debug|Any CPU.ActiveCfg = Debug|Any CPU
		{509566DF-C67F-4B58-AD4A-D2B2A2ECC7B4}.Debug|Any CPU.Build.0 = Debug|Any CPU
		{509566DF-C67F-4B58-AD4A-D2B2A2ECC7B4}.Release|Any CPU.ActiveCfg = Release|Any CPU
		{509566DF-C67F-4B58-AD4A-D2B2A2ECC7B4}.Release|Any CPU.Build.0 = Release|Any CPU
	EndGlobalSection
EndGlobal
